
Microsoft Visual Studio Solution File, Format Version 12.00
# Visual Studio Version 16
VisualStudioVersion = 16.0.29326.143
MinimumVisualStudioVersion = 10.0.40219.1
Project("{FAE04EC0-301F-11D3-BF4B-00C04F79EFBC}") = "MyNotes.UWP", "MyNotes\MyNotes.UWP\MyNotes.UWP.csproj", "{1CFDD3AF-48C9-40FD-914E-D5330AB94D23}"
EndProject
Project("{FAE04EC0-301F-11D3-BF4B-00C04F79EFBC}") = "MyNotes.Android", "MyNotes\MyNotes.Android\MyNotes.Android.csproj", "{56CF1F6C-B38D-4D43-8EB2-F9F44F6E637B}"
EndProject
Project("{FAE04EC0-301F-11D3-BF4B-00C04F79EFBC}") = "MyNotes.iOS", "MyNotes\MyNotes.iOS\MyNotes.iOS.csproj", "{51A1F8A2-3073-47ED-8C81-6097EEBA5CA1}"
EndProject
Project("{FAE04EC0-301F-11D3-BF4B-00C04F79EFBC}") = "MyNotes", "MyNotes\MyNotes\MyNotes.csproj", "{CE06E664-3362-4A08-8467-242007584229}"
EndProject
Global
	GlobalSection(SolutionConfigurationPlatforms) = preSolution
		Debug|Any CPU = Debug|Any CPU
		Debug|ARM = Debug|ARM
		Debug|iPhone = Debug|iPhone
		Debug|iPhoneSimulator = Debug|iPhoneSimulator
		Debug|x64 = Debug|x64
		Debug|x86 = Debug|x86
		Release|Any CPU = Release|Any CPU
		Release|ARM = Release|ARM
		Release|iPhone = Release|iPhone
		Release|iPhoneSimulator = Release|iPhoneSimulator
		Release|x64 = Release|x64
		Release|x86 = Release|x86
	EndGlobalSection
	GlobalSection(ProjectConfigurationPlatforms) = postSolution
		{1CFDD3AF-48C9-40FD-914E-D5330AB94D23}.Debug|Any CPU.ActiveCfg = Debug|x86
		{1CFDD3AF-48C9-40FD-914E-D5330AB94D23}.Debug|Any CPU.Build.0 = Debug|x86
		{1CFDD3AF-48C9-40FD-914E-D5330AB94D23}.Debug|Any CPU.Deploy.0 = Debug|x86
		{1CFDD3AF-48C9-40FD-914E-D5330AB94D23}.Debug|ARM.ActiveCfg = Debug|ARM
		{1CFDD3AF-48C9-40FD-914E-D5330AB94D23}.Debug|ARM.Build.0 = Debug|ARM
		{1CFDD3AF-48C9-40FD-914E-D5330AB94D23}.Debug|ARM.Deploy.0 = Debug|ARM
		{1CFDD3AF-48C9-40FD-914E-D5330AB94D23}.Debug|iPhone.ActiveCfg = Debug|x86
		{1CFDD3AF-48C9-40FD-914E-D5330AB94D23}.Debug|iPhone.Build.0 = Debug|x86
		{1CFDD3AF-48C9-40FD-914E-D5330AB94D23}.Debug|iPhone.Deploy.0 = Debug|x86
		{1CFDD3AF-48C9-40FD-914E-D5330AB94D23}.Debug|iPhoneSimulator.ActiveCfg = Debug|x86
		{1CFDD3AF-48C9-40FD-914E-D5330AB94D23}.Debug|iPhoneSimulator.Build.0 = Debug|x86
		{1CFDD3AF-48C9-40FD-914E-D5330AB94D23}.Debug|iPhoneSimulator.Deploy.0 = Debug|x86
		{1CFDD3AF-48C9-40FD-914E-D5330AB94D23}.Debug|x64.ActiveCfg = Debug|x64
		{1CFDD3AF-48C9-40FD-914E-D5330AB94D23}.Debug|x64.Build.0 = Debug|x64
		{1CFDD3AF-48C9-40FD-914E-D5330AB94D23}.Debug|x64.Deploy.0 = Debug|x64
		{1CFDD3AF-48C9-40FD-914E-D5330AB94D23}.Debug|x86.ActiveCfg = Debug|x86
		{1CFDD3AF-48C9-40FD-914E-D5330AB94D23}.Debug|x86.Build.0 = Debug|x86
		{1CFDD3AF-48C9-40FD-914E-D5330AB94D23}.Debug|x86.Deploy.0 = Debug|x86
		{1CFDD3AF-48C9-40FD-914E-D5330AB94D23}.Release|Any CPU.ActiveCfg = Release|x86
		{1CFDD3AF-48C9-40FD-914E-D5330AB94D23}.Release|Any CPU.Build.0 = Release|x86
		{1CFDD3AF-48C9-40FD-914E-D5330AB94D23}.Release|Any CPU.Deploy.0 = Release|x86
		{1CFDD3AF-48C9-40FD-914E-D5330AB94D23}.Release|ARM.ActiveCfg = Release|ARM
		{1CFDD3AF-48C9-40FD-914E-D5330AB94D23}.Release|ARM.Build.0 = Release|ARM
		{1CFDD3AF-48C9-40FD-914E-D5330AB94D23}.Release|ARM.Deploy.0 = Release|ARM
		{1CFDD3AF-48C9-40FD-914E-D5330AB94D23}.Release|iPhone.ActiveCfg = Release|x86
		{1CFDD3AF-48C9-40FD-914E-D5330AB94D23}.Release|iPhone.Build.0 = Release|x86
		{1CFDD3AF-48C9-40FD-914E-D5330AB94D23}.Release|iPhone.Deploy.0 = Release|x86
		{1CFDD3AF-48C9-40FD-914E-D5330AB94D23}.Release|iPhoneSimulator.ActiveCfg = Release|x86
		{1CFDD3AF-48C9-40FD-914E-D5330AB94D23}.Release|iPhoneSimulator.Build.0 = Release|x86
		{1CFDD3AF-48C9-40FD-914E-D5330AB94D23}.Release|iPhoneSimulator.Deploy.0 = Release|x86
		{1CFDD3AF-48C9-40FD-914E-D5330AB94D23}.Release|x64.ActiveCfg = Release|x64
		{1CFDD3AF-48C9-40FD-914E-D5330AB94D23}.Release|x64.Build.0 = Release|x64
		{1CFDD3AF-48C9-40FD-914E-D5330AB94D23}.Release|x64.Deploy.0 = Release|x64
		{1CFDD3AF-48C9-40FD-914E-D5330AB94D23}.Release|x86.ActiveCfg = Release|x86
		{1CFDD3AF-48C9-40FD-914E-D5330AB94D23}.Release|x86.Build.0 = Release|x86
		{1CFDD3AF-48C9-40FD-914E-D5330AB94D23}.Release|x86.Deploy.0 = Release|x86
		{56CF1F6C-B38D-4D43-8EB2-F9F44F6E637B}.Debug|Any CPU.ActiveCfg = Debug|Any CPU
		{56CF1F6C-B38D-4D43-8EB2-F9F44F6E637B}.Debug|Any CPU.Build.0 = Debug|Any CPU
		{56CF1F6C-B38D-4D43-8EB2-F9F44F6E637B}.Debug|Any CPU.Deploy.0 = Debug|Any CPU
		{56CF1F6C-B38D-4D43-8EB2-F9F44F6E637B}.Debug|ARM.ActiveCfg = Debug|Any CPU
		{56CF1F6C-B38D-4D43-8EB2-F9F44F6E637B}.Debug|ARM.Build.0 = Debug|Any CPU
		{56CF1F6C-B38D-4D43-8EB2-F9F44F6E637B}.Debug|ARM.Deploy.0 = Debug|Any CPU
		{56CF1F6C-B38D-4D43-8EB2-F9F44F6E637B}.Debug|iPhone.ActiveCfg = Debug|Any CPU
		{56CF1F6C-B38D-4D43-8EB2-F9F44F6E637B}.Debug|iPhone.Build.0 = Debug|Any CPU
		{56CF1F6C-B38D-4D43-8EB2-F9F44F6E637B}.Debug|iPhone.Deploy.0 = Debug|Any CPU
		{56CF1F6C-B38D-4D43-8EB2-F9F44F6E637B}.Debug|iPhoneSimulator.ActiveCfg = Debug|Any CPU
		{56CF1F6C-B38D-4D43-8EB2-F9F44F6E637B}.Debug|iPhoneSimulator.Build.0 = Debug|Any CPU
		{56CF1F6C-B38D-4D43-8EB2-F9F44F6E637B}.Debug|iPhoneSimulator.Deploy.0 = Debug|Any CPU
		{56CF1F6C-B38D-4D43-8EB2-F9F44F6E637B}.Debug|x64.ActiveCfg = Debug|Any CPU
		{56CF1F6C-B38D-4D43-8EB2-F9F44F6E637B}.Debug|x64.Build.0 = Debug|Any CPU
		{56CF1F6C-B38D-4D43-8EB2-F9F44F6E637B}.Debug|x64.Deploy.0 = Debug|Any CPU
		{56CF1F6C-B38D-4D43-8EB2-F9F44F6E637B}.Debug|x86.ActiveCfg = Debug|Any CPU
		{56CF1F6C-B38D-4D43-8EB2-F9F44F6E637B}.Debug|x86.Build.0 = Debug|Any CPU
		{56CF1F6C-B38D-4D43-8EB2-F9F44F6E637B}.Debug|x86.Deploy.0 = Debug|Any CPU
		{56CF1F6C-B38D-4D43-8EB2-F9F44F6E637B}.Release|Any CPU.ActiveCfg = Release|Any CPU
		{56CF1F6C-B38D-4D43-8EB2-F9F44F6E637B}.Release|Any CPU.Build.0 = Release|Any CPU
		{56CF1F6C-B38D-4D43-8EB2-F9F44F6E637B}.Release|Any CPU.Deploy.0 = Release|Any CPU
		{56CF1F6C-B38D-4D43-8EB2-F9F44F6E637B}.Release|ARM.ActiveCfg = Release|Any CPU
		{56CF1F6C-B38D-4D43-8EB2-F9F44F6E637B}.Release|ARM.Build.0 = Release|Any CPU
		{56CF1F6C-B38D-4D43-8EB2-F9F44F6E637B}.Release|ARM.Deploy.0 = Release|Any CPU
		{56CF1F6C-B38D-4D43-8EB2-F9F44F6E637B}.Release|iPhone.ActiveCfg = Release|Any CPU
		{56CF1F6C-B38D-4D43-8EB2-F9F44F6E637B}.Release|iPhone.Build.0 = Release|Any CPU
		{56CF1F6C-B38D-4D43-8EB2-F9F44F6E637B}.Release|iPhone.Deploy.0 = Release|Any CPU
		{56CF1F6C-B38D-4D43-8EB2-F9F44F6E637B}.Release|iPhoneSimulator.ActiveCfg = Release|Any CPU
		{56CF1F6C-B38D-4D43-8EB2-F9F44F6E637B}.Release|iPhoneSimulator.Build.0 = Release|Any CPU
		{56CF1F6C-B38D-4D43-8EB2-F9F44F6E637B}.Release|iPhoneSimulator.Deploy.0 = Release|Any CPU
		{56CF1F6C-B38D-4D43-8EB2-F9F44F6E637B}.Release|x64.ActiveCfg = Release|Any CPU
		{56CF1F6C-B38D-4D43-8EB2-F9F44F6E637B}.Release|x64.Build.0 = Release|Any CPU
		{56CF1F6C-B38D-4D43-8EB2-F9F44F6E637B}.Release|x64.Deploy.0 = Release|Any CPU
		{56CF1F6C-B38D-4D43-8EB2-F9F44F6E637B}.Release|x86.ActiveCfg = Release|Any CPU
		{56CF1F6C-B38D-4D43-8EB2-F9F44F6E637B}.Release|x86.Build.0 = Release|Any CPU
		{56CF1F6C-B38D-4D43-8EB2-F9F44F6E637B}.Release|x86.Deploy.0 = Release|Any CPU
		{51A1F8A2-3073-47ED-8C81-6097EEBA5CA1}.Debug|Any CPU.ActiveCfg = Debug|iPhone
		{51A1F8A2-3073-47ED-8C81-6097EEBA5CA1}.Debug|Any CPU.Build.0 = Debug|iPhone
		{51A1F8A2-3073-47ED-8C81-6097EEBA5CA1}.Debug|Any CPU.Deploy.0 = Debug|iPhone
		{51A1F8A2-3073-47ED-8C81-6097EEBA5CA1}.Debug|ARM.ActiveCfg = Debug|iPhoneSimulator
		{51A1F8A2-3073-47ED-8C81-6097EEBA5CA1}.Debug|ARM.Build.0 = Debug|iPhoneSimulator
		{51A1F8A2-3073-47ED-8C81-6097EEBA5CA1}.Debug|ARM.Deploy.0 = Debug|iPhoneSimulator
		{51A1F8A2-3073-47ED-8C81-6097EEBA5CA1}.Debug|iPhone.ActiveCfg = Debug|iPhone
		{51A1F8A2-3073-47ED-8C81-6097EEBA5CA1}.Debug|iPhone.Build.0 = Debug|iPhone
		{51A1F8A2-3073-47ED-8C81-6097EEBA5CA1}.Debug|iPhone.Deploy.0 = Debug|iPhone
		{51A1F8A2-3073-47ED-8C81-6097EEBA5CA1}.Debug|iPhoneSimulator.ActiveCfg = Debug|iPhoneSimulator
		{51A1F8A2-3073-47ED-8C81-6097EEBA5CA1}.Debug|iPhoneSimulator.Build.0 = Debug|iPhoneSimulator
		{51A1F8A2-3073-47ED-8C81-6097EEBA5CA1}.Debug|iPhoneSimulator.Deploy.0 = Debug|iPhoneSimulator
		{51A1F8A2-3073-47ED-8C81-6097EEBA5CA1}.Debug|x64.ActiveCfg = Debug|iPhone
		{51A1F8A2-3073-47ED-8C81-6097EEBA5CA1}.Debug|x64.Build.0 = Debug|iPhone
		{51A1F8A2-3073-47ED-8C81-6097EEBA5CA1}.Debug|x64.Deploy.0 = Debug|iPhone
		{51A1F8A2-3073-47ED-8C81-6097EEBA5CA1}.Debug|x86.ActiveCfg = Debug|iPhone
		{51A1F8A2-3073-47ED-8C81-6097EEBA5CA1}.Debug|x86.Build.0 = Debug|iPhone
		{51A1F8A2-3073-47ED-8C81-6097EEBA5CA1}.Debug|x86.Deploy.0 = Debug|iPhone
		{51A1F8A2-3073-47ED-8C81-6097EEBA5CA1}.Release|Any CPU.ActiveCfg = Release|iPhone
		{51A1F8A2-3073-47ED-8C81-6097EEBA5CA1}.Release|Any CPU.Build.0 = Release|iPhone
		{51A1F8A2-3073-47ED-8C81-6097EEBA5CA1}.Release|Any CPU.Deploy.0 = Release|iPhone
		{51A1F8A2-3073-47ED-8C81-6097EEBA5CA1}.Release|ARM.ActiveCfg = Release|iPhone
		{51A1F8A2-3073-47ED-8C81-6097EEBA5CA1}.Release|ARM.Build.0 = Release|iPhone
		{51A1F8A2-3073-47ED-8C81-6097EEBA5CA1}.Release|ARM.Deploy.0 = Release|iPhone
		{51A1F8A2-3073-47ED-8C81-6097EEBA5CA1}.Release|iPhone.ActiveCfg = Release|iPhone
		{51A1F8A2-3073-47ED-8C81-6097EEBA5CA1}.Release|iPhone.Build.0 = Release|iPhone
		{51A1F8A2-3073-47ED-8C81-6097EEBA5CA1}.Release|iPhone.Deploy.0 = Release|iPhone
		{51A1F8A2-3073-47ED-8C81-6097EEBA5CA1}.Release|iPhoneSimulator.ActiveCfg = Release|iPhoneSimulator
		{51A1F8A2-3073-47ED-8C81-6097EEBA5CA1}.Release|iPhoneSimulator.Build.0 = Release|iPhoneSimulator
		{51A1F8A2-3073-47ED-8C81-6097EEBA5CA1}.Release|iPhoneSimulator.Deploy.0 = Release|iPhoneSimulator
		{51A1F8A2-3073-47ED-8C81-6097EEBA5CA1}.Release|x64.ActiveCfg = Release|iPhone
		{51A1F8A2-3073-47ED-8C81-6097EEBA5CA1}.Release|x64.Build.0 = Release|iPhone
		{51A1F8A2-3073-47ED-8C81-6097EEBA5CA1}.Release|x64.Deploy.0 = Release|iPhone
		{51A1F8A2-3073-47ED-8C81-6097EEBA5CA1}.Release|x86.ActiveCfg = Release|iPhone
		{51A1F8A2-3073-47ED-8C81-6097EEBA5CA1}.Release|x86.Build.0 = Release|iPhone
		{51A1F8A2-3073-47ED-8C81-6097EEBA5CA1}.Release|x86.Deploy.0 = Release|iPhone
		{CE06E664-3362-4A08-8467-242007584229}.Debug|Any CPU.ActiveCfg = Debug|Any CPU
		{CE06E664-3362-4A08-8467-242007584229}.Debug|Any CPU.Build.0 = Debug|Any CPU
		{CE06E664-3362-4A08-8467-242007584229}.Debug|Any CPU.Deploy.0 = Debug|Any CPU
		{CE06E664-3362-4A08-8467-242007584229}.Debug|ARM.ActiveCfg = Debug|Any CPU
		{CE06E664-3362-4A08-8467-242007584229}.Debug|ARM.Build.0 = Debug|Any CPU
		{CE06E664-3362-4A08-8467-242007584229}.Debug|ARM.Deploy.0 = Debug|Any CPU
		{CE06E664-3362-4A08-8467-242007584229}.Debug|iPhone.ActiveCfg = Debug|Any CPU
		{CE06E664-3362-4A08-8467-242007584229}.Debug|iPhone.Build.0 = Debug|Any CPU
		{CE06E664-3362-4A08-8467-242007584229}.Debug|iPhone.Deploy.0 = Debug|Any CPU
		{CE06E664-3362-4A08-8467-242007584229}.Debug|iPhoneSimulator.ActiveCfg = Debug|Any CPU
		{CE06E664-3362-4A08-8467-242007584229}.Debug|iPhoneSimulator.Build.0 = Debug|Any CPU
		{CE06E664-3362-4A08-8467-242007584229}.Debug|iPhoneSimulator.Deploy.0 = Debug|Any CPU
		{CE06E664-3362-4A08-8467-242007584229}.Debug|x64.ActiveCfg = Debug|Any CPU
		{CE06E664-3362-4A08-8467-242007584229}.Debug|x64.Build.0 = Debug|Any CPU
		{CE06E664-3362-4A08-8467-242007584229}.Debug|x64.Deploy.0 = Debug|Any CPU
		{CE06E664-3362-4A08-8467-242007584229}.Debug|x86.ActiveCfg = Debug|Any CPU
		{CE06E664-3362-4A08-8467-242007584229}.Debug|x86.Build.0 = Debug|Any CPU
		{CE06E664-3362-4A08-8467-242007584229}.Debug|x86.Deploy.0 = Debug|Any CPU
		{CE06E664-3362-4A08-8467-242007584229}.Release|Any CPU.ActiveCfg = Release|Any CPU
		{CE06E664-3362-4A08-8467-242007584229}.Release|Any CPU.Build.0 = Release|Any CPU
		{CE06E664-3362-4A08-8467-242007584229}.Release|Any CPU.Deploy.0 = Release|Any CPU
		{CE06E664-3362-4A08-8467-242007584229}.Release|ARM.ActiveCfg = Release|Any CPU
		{CE06E664-3362-4A08-8467-242007584229}.Release|ARM.Build.0 = Release|Any CPU
		{CE06E664-3362-4A08-8467-242007584229}.Release|ARM.Deploy.0 = Release|Any CPU
		{CE06E664-3362-4A08-8467-242007584229}.Release|iPhone.ActiveCfg = Release|Any CPU
		{CE06E664-3362-4A08-8467-242007584229}.Release|iPhone.Build.0 = Release|Any CPU
		{CE06E664-3362-4A08-8467-242007584229}.Release|iPhone.Deploy.0 = Release|Any CPU
		{CE06E664-3362-4A08-8467-242007584229}.Release|iPhoneSimulator.ActiveCfg = Release|Any CPU
		{CE06E664-3362-4A08-8467-242007584229}.Release|iPhoneSimulator.Build.0 = Release|Any CPU
		{CE06E664-3362-4A08-8467-242007584229}.Release|iPhoneSimulator.Deploy.0 = Release|Any CPU
		{CE06E664-3362-4A08-8467-242007584229}.Release|x64.ActiveCfg = Release|Any CPU
		{CE06E664-3362-4A08-8467-242007584229}.Release|x64.Build.0 = Release|Any CPU
		{CE06E664-3362-4A08-8467-242007584229}.Release|x64.Deploy.0 = Release|Any CPU
		{CE06E664-3362-4A08-8467-242007584229}.Release|x86.ActiveCfg = Release|Any CPU
		{CE06E664-3362-4A08-8467-242007584229}.Release|x86.Build.0 = Release|Any CPU
		{CE06E664-3362-4A08-8467-242007584229}.Release|x86.Deploy.0 = Release|Any CPU
	EndGlobalSection
	GlobalSection(SolutionProperties) = preSolution
		HideSolutionNode = FALSE
	EndGlobalSection
	GlobalSection(ExtensibilityGlobals) = postSolution
		SolutionGuid = {C581429E-5B03-4CF6-964C-B08F9BA9AFC1}
	EndGlobalSection
EndGlobal
